{
  "lockfileVersion": 1,
  "configVersion": 1,
  "workspaces": {
    "": {
      "name": "colemak-tomonokai",
      "devDependencies": {
        "@playwright/test": "^1.57.0",
        "@types/bun": "^1.3.3",
      },
      "peerDependencies": {
        "@typescript/native-preview": "^7.0.0-dev.20251202.1",
      },
    },
  },
  "packages": {
    "@playwright/test": ["@playwright/test@1.57.0", "", { "dependencies": { "playwright": "1.57.0" }, "bin": { "playwright": "cli.js" } }, "sha512-6TyEnHgd6SArQO8UO2OMTxshln3QMWBtPGrOCgs3wVEmQmwyuNtB10IZMfmYDE0riwNR1cu4q+pPcxMVtaG3TA=="],

    "@types/bun": ["@types/bun@1.3.3", "", { "dependencies": { "bun-types": "1.3.3" } }, "sha512-ogrKbJ2X5N0kWLLFKeytG0eHDleBYtngtlbu9cyBKFtNL3cnpDZkNdQj8flVf6WTZUX5ulI9AY1oa7ljhSrp+g=="],

    "@types/node": ["@types/node@24.10.1", "", { "dependencies": { "undici-types": "~7.16.0" } }, "sha512-GNWcUTRBgIRJD5zj+Tq0fKOJ5XZajIiBroOF0yvj2bSU1WvNdYS/dn9UxwsujGW4JX06dnHyjV2y9rRaybH0iQ=="],

    "@typescript/native-preview": ["@typescript/native-preview@7.0.0-dev.20251202.1", "", { "optionalDependencies": { "@typescript/native-preview-darwin-arm64": "7.0.0-dev.20251202.1", "@typescript/native-preview-darwin-x64": "7.0.0-dev.20251202.1", "@typescript/native-preview-linux-arm": "7.0.0-dev.20251202.1", "@typescript/native-preview-linux-arm64": "7.0.0-dev.20251202.1", "@typescript/native-preview-linux-x64": "7.0.0-dev.20251202.1", "@typescript/native-preview-win32-arm64": "7.0.0-dev.20251202.1", "@typescript/native-preview-win32-x64": "7.0.0-dev.20251202.1" }, "bin": { "tsgo": "bin/tsgo.js" } }, "sha512-BCElj1bPWsjf9SFfVl7DemGFj0/jlUeX1cIDjGCkwSwBF+vwm9JvVkYJ8+UEzbhaecWvsCVmsYrjZCTRSa31+g=="],

    "@typescript/native-preview-darwin-arm64": ["@typescript/native-preview-darwin-arm64@7.0.0-dev.20251202.1", "", { "os": "darwin", "cpu": "arm64" }, "sha512-zcyBNJm0PW4H/yE6Q67/8iKn0iHH1PPV/Wm0MaermgLFgvDc684RFrC7QDRaykxD8+GnrKii+94fq22wCXwNYw=="],

    "@typescript/native-preview-darwin-x64": ["@typescript/native-preview-darwin-x64@7.0.0-dev.20251202.1", "", { "os": "darwin", "cpu": "x64" }, "sha512-IEFRJYm+ZzAsq0lMWZP7M5uI0b0vw0Tq1bZcN7SlXFDDKqTSNFrNVNS6WFpfvOBvws1H1TJ+5c6yUtmqqHbR0g=="],

    "@typescript/native-preview-linux-arm": ["@typescript/native-preview-linux-arm@7.0.0-dev.20251202.1", "", { "os": "linux", "cpu": "arm" }, "sha512-5aCzozErbkfZp0jx257uvk0QIfBQ9a55kAoO+KgfQCJdNCdy3mnxh/4YX/eA3oNdHb6ECde+a45dvLj5wyei9g=="],

    "@typescript/native-preview-linux-arm64": ["@typescript/native-preview-linux-arm64@7.0.0-dev.20251202.1", "", { "os": "linux", "cpu": "arm64" }, "sha512-khT67uO5GAdCWFQDgLKJknA3lUtqYfdO2BWH6YTLQErBWN6eDOnCoV0xnGSqBVxW+yJ1IxdqGpWp2m7JFv1a/A=="],

    "@typescript/native-preview-linux-x64": ["@typescript/native-preview-linux-x64@7.0.0-dev.20251202.1", "", { "os": "linux", "cpu": "x64" }, "sha512-r1EH0LKn/Coa1bge+a+KgwmEApoCJsK1oieTu+sZrCH5dsOed4rNGrcOyliAygb720dc5dRTxkADj2/lceqFrQ=="],

    "@typescript/native-preview-win32-arm64": ["@typescript/native-preview-win32-arm64@7.0.0-dev.20251202.1", "", { "os": "win32", "cpu": "arm64" }, "sha512-lLlRtKbrUpLqzcSQs7NeRZKlQpPnEgiD+cNHfwpLmJ5KEKeNJAhapDEX4UoauhcgUcwe7CtyQ9EO9osvbLb35w=="],

    "@typescript/native-preview-win32-x64": ["@typescript/native-preview-win32-x64@7.0.0-dev.20251202.1", "", { "os": "win32", "cpu": "x64" }, "sha512-RM5Oud26RBWiaH/4uSy/Xi3jIXIaOqytXl7UrjNv8C+ygcxB4SDYehHtyS0pE1L+zSqBerdLhv0mxn0UHIIbHA=="],

    "bun-types": ["bun-types@1.3.3", "", { "dependencies": { "@types/node": "*" } }, "sha512-z3Xwlg7j2l9JY27x5Qn3Wlyos8YAp0kKRlrePAOjgjMGS5IG6E7Jnlx736vH9UVI4wUICwwhC9anYL++XeOgTQ=="],

    "fsevents": ["fsevents@2.3.2", "", { "os": "darwin" }, "sha512-xiqMQR4xAeHTuB9uWm+fFRcIOgKBMiOBP+eXiyT7jsgVCq1bkVygt00oASowB7EdtpOHaaPgKt812P9ab+DDKA=="],

    "playwright": ["playwright@1.57.0", "", { "dependencies": { "playwright-core": "1.57.0" }, "optionalDependencies": { "fsevents": "2.3.2" }, "bin": { "playwright": "cli.js" } }, "sha512-ilYQj1s8sr2ppEJ2YVadYBN0Mb3mdo9J0wQ+UuDhzYqURwSoW4n1Xs5vs7ORwgDGmyEh33tRMeS8KhdkMoLXQw=="],

    "playwright-core": ["playwright-core@1.57.0", "", { "bin": { "playwright-core": "cli.js" } }, "sha512-agTcKlMw/mjBWOnD6kFZttAAGHgi/Nw0CZ2o6JqWSbMlI219lAFLZZCyqByTsvVAJq5XA5H8cA6PrvBRpBWEuQ=="],

    "undici-types": ["undici-types@7.16.0", "", {}, "sha512-Zz+aZWSj8LE6zoxD+xrjh4VfkIG8Ya6LvYkZqtUQGJPZjYl53ypCaUwWqo7eI0x66KBGeRo+mlBEkMSeSZ38Nw=="],
  }
}
